
Microsoft Visual Studio Solution File, Format Version 12.00
# Visual Studio Version 17
VisualStudioVersion = 17.6.33815.320
MinimumVisualStudioVersion = 10.0.40219.1
Project("{2150E333-8FDC-42A3-9474-1A3956D46DE8}") = "src", "src", "{A7A69C7B-4331-4582-AAA8-4EED9FAF435C}"
EndProject
Project("{2150E333-8FDC-42A3-9474-1A3956D46DE8}") = "tests", "tests", "{C56FC4AB-3059-43C1-A246-CEDF5DBBBD73}"
EndProject
Project("{9A19103F-16F7-4668-BE54-9A1E7A4F7556}") = "Common", "src\Common\Common.csproj", "{FF61AFD8-36DF-4924-8088-F48454EEF8CE}"
EndProject
Project("{9A19103F-16F7-4668-BE54-9A1E7A4F7556}") = "Domain", "src\Domain\Domain.csproj", "{10F8C5C4-1685-4B09-962A-A868339E5A51}"
EndProject
Project("{FAE04EC0-301F-11D3-BF4B-00C04F79EFBC}") = "Infrastructure", "src\Infrastructure\Infrastructure.csproj", "{709B9C30-69A5-4565-8A66-08126A355961}"
EndProject
Project("{FAE04EC0-301F-11D3-BF4B-00C04F79EFBC}") = "Application", "src\Application\Application.csproj", "{5D35B0AE-B018-4C99-BFAF-4DE9B39595E9}"
EndProject
Project("{FAE04EC0-301F-11D3-BF4B-00C04F79EFBC}") = "Api", "src\Api\Api.csproj", "{3C75D8CE-70AA-4644-8652-544B0CC598B6}"
EndProject
Global
	GlobalSection(SolutionConfigurationPlatforms) = preSolution
		Debug|Any CPU = Debug|Any CPU
		Release|Any CPU = Release|Any CPU
	EndGlobalSection
	GlobalSection(ProjectConfigurationPlatforms) = postSolution
		{FF61AFD8-36DF-4924-8088-F48454EEF8CE}.Debug|Any CPU.ActiveCfg = Debug|Any CPU
		{FF61AFD8-36DF-4924-8088-F48454EEF8CE}.Debug|Any CPU.Build.0 = Debug|Any CPU
		{FF61AFD8-36DF-4924-8088-F48454EEF8CE}.Release|Any CPU.ActiveCfg = Release|Any CPU
		{FF61AFD8-36DF-4924-8088-F48454EEF8CE}.Release|Any CPU.Build.0 = Release|Any CPU
		{10F8C5C4-1685-4B09-962A-A868339E5A51}.Debug|Any CPU.ActiveCfg = Debug|Any CPU
		{10F8C5C4-1685-4B09-962A-A868339E5A51}.Debug|Any CPU.Build.0 = Debug|Any CPU
		{10F8C5C4-1685-4B09-962A-A868339E5A51}.Release|Any CPU.ActiveCfg = Release|Any CPU
		{10F8C5C4-1685-4B09-962A-A868339E5A51}.Release|Any CPU.Build.0 = Release|Any CPU
		{709B9C30-69A5-4565-8A66-08126A355961}.Debug|Any CPU.ActiveCfg = Debug|Any CPU
		{709B9C30-69A5-4565-8A66-08126A355961}.Debug|Any CPU.Build.0 = Debug|Any CPU
		{709B9C30-69A5-4565-8A66-08126A355961}.Release|Any CPU.ActiveCfg = Release|Any CPU
		{709B9C30-69A5-4565-8A66-08126A355961}.Release|Any CPU.Build.0 = Release|Any CPU
		{5D35B0AE-B018-4C99-BFAF-4DE9B39595E9}.Debug|Any CPU.ActiveCfg = Debug|Any CPU
		{5D35B0AE-B018-4C99-BFAF-4DE9B39595E9}.Debug|Any CPU.Build.0 = Debug|Any CPU
		{5D35B0AE-B018-4C99-BFAF-4DE9B39595E9}.Release|Any CPU.ActiveCfg = Release|Any CPU
		{5D35B0AE-B018-4C99-BFAF-4DE9B39595E9}.Release|Any CPU.Build.0 = Release|Any CPU
		{3C75D8CE-70AA-4644-8652-544B0CC598B6}.Debug|Any CPU.ActiveCfg = Debug|Any CPU
		{3C75D8CE-70AA-4644-8652-544B0CC598B6}.Debug|Any CPU.Build.0 = Debug|Any CPU
		{3C75D8CE-70AA-4644-8652-544B0CC598B6}.Release|Any CPU.ActiveCfg = Release|Any CPU
		{3C75D8CE-70AA-4644-8652-544B0CC598B6}.Release|Any CPU.Build.0 = Release|Any CPU
	EndGlobalSection
	GlobalSection(SolutionProperties) = preSolution
		HideSolutionNode = FALSE
	EndGlobalSection
	GlobalSection(NestedProjects) = preSolution
		{FF61AFD8-36DF-4924-8088-F48454EEF8CE} = {A7A69C7B-4331-4582-AAA8-4EED9FAF435C}
		{10F8C5C4-1685-4B09-962A-A868339E5A51} = {A7A69C7B-4331-4582-AAA8-4EED9FAF435C}
		{709B9C30-69A5-4565-8A66-08126A355961} = {A7A69C7B-4331-4582-AAA8-4EED9FAF435C}
		{5D35B0AE-B018-4C99-BFAF-4DE9B39595E9} = {A7A69C7B-4331-4582-AAA8-4EED9FAF435C}
		{3C75D8CE-70AA-4644-8652-544B0CC598B6} = {A7A69C7B-4331-4582-AAA8-4EED9FAF435C}
	EndGlobalSection
	GlobalSection(ExtensibilityGlobals) = postSolution
		SolutionGuid = {994389E5-8BEB-4AF8-ACD3-E9496DCE8857}
	EndGlobalSection
EndGlobal
